
Microsoft Visual Studio Solution File, Format Version 12.00
# Visual Studio Version 16
VisualStudioVersion = 16.0.33214.272
MinimumVisualStudioVersion = 10.0.40219.1
Project("{FAE04EC0-301F-11D3-BF4B-00C04F79EFBC}") = "1장_기본적인 프로그램", "1장_기본적인 프로그램.csproj", "{92642EAB-B9E9-4EC6-BC6F-257F12A5174C}"
EndProject
Global
	GlobalSection(SolutionConfigurationPlatforms) = preSolution
		Debug|Any CPU = Debug|Any CPU
		Release|Any CPU = Release|Any CPU
	EndGlobalSection
	GlobalSection(ProjectConfigurationPlatforms) = postSolution
		{92642EAB-B9E9-4EC6-BC6F-257F12A5174C}.Debug|Any CPU.ActiveCfg = Debug|Any CPU
		{92642EAB-B9E9-4EC6-BC6F-257F12A5174C}.Debug|Any CPU.Build.0 = Debug|Any CPU
		{92642EAB-B9E9-4EC6-BC6F-257F12A5174C}.Release|Any CPU.ActiveCfg = Release|Any CPU
		{92642EAB-B9E9-4EC6-BC6F-257F12A5174C}.Release|Any CPU.Build.0 = Release|Any CPU
	EndGlobalSection
	GlobalSection(SolutionProperties) = preSolution
		HideSolutionNode = FALSE
	EndGlobalSection
	GlobalSection(ExtensibilityGlobals) = postSolution
		SolutionGuid = {0F95C17E-8A75-45E0-9C82-53661D2B33D0}
	EndGlobalSection
EndGlobal
